<?xml version="1.0" encoding="UTF-8" standalone="yes" ?>
<CodeBlocks_project_file>
	<FileVersion major="1" minor="6" />
	<Project>
		<Option title="Communication" />
		<Option pch_mode="2" />
		<Option compiler="gcc" />
		<Build>
			<Target title="Debug">
				<Option output="bin/Debug/Communication" prefix_auto="1" extension_auto="1" />
				<Option object_output="obj/Debug/" />
				<Option type="1" />
				<Option compiler="gcc" />
				<Compiler>
					<Add option="-g" />
					<Add option="-D_WIN32_WINNT=0x0501" />
					<Add option="-DD_LIB" />
					<Add option="-DDLIB_NO_GUI_SUPPORT" />
					<Add option="-DNO_MAKEFILE" />
					<Add option="-DENABLE_ASSERTS" />
					<Add option="-DNO_BOOST_DATE_TIME_INLINE" />
					<Add directory="C:/Users/User/Desktop/IRC/IRC_SOFT/Communication/" />
					<Add directory="C:/Users/User/Desktop/boost_1_54_0" />
					<Add directory="C:/Users/User/Desktop/dlib-18.13" />
				</Compiler>
			</Target>
			<Target title="Release">
				<Option output="bin/Release/Communication" prefix_auto="1" extension_auto="1" />
				<Option object_output="obj/Release/" />
				<Option type="1" />
				<Option compiler="gcc" />
				<Compiler>
					<Add option="-O2" />
				</Compiler>
				<Linker>
					<Add option="-s" />
				</Linker>
			</Target>
		</Build>
		<Compiler>
			<Add option="-Wall" />
			<Add directory="C:/Users/User/Desktop/IRC/IRC_SOFT/Communication/" />
			<Add directory="D:/Programming/boost_1_54_0" />
			<Add directory="D:/Programming/rapidxml-1.13" />
			<Add directory="D:/Programming/dlib-18.13" />
		</Compiler>
		<Linker>
			<Add library="D:\Programming\boost_1_54_0\compiled_libs\libboost_system-mgw46-mt-1_54.a" />
			<Add library="C:\MinGW\lib\libws2_32.a" />
			<Add library="C:\MinGW\lib\libimm32.a" />
			<Add library="C:\MinGW\lib\libpthread.a" />
		</Linker>
		<Unit filename="CommSoft.cpp" />
		<Unit filename="README.md" />
		<Extensions>
			<code_completion />
			<envvars />
			<debugger />
			<lib_finder disable_auto="1" />
		</Extensions>
	</Project>
</CodeBlocks_project_file>
