<?xml version="1.0" encoding="UTF-8" standalone="yes" ?>
<CodeBlocks_project_file>
	<FileVersion major="1" minor="6" />
	<Project>
		<Option title="Digital-Dragons" />
		<Option pch_mode="2" />
		<Option compiler="gcc" />
		<Build>
			<Target title="Debug">
				<Option output="bin/Debug/Digital-Dragons" prefix_auto="1" extension_auto="1" />
				<Option object_output="obj/Debug/" />
				<Option type="1" />
				<Option compiler="gcc" />
				<Compiler>
					<Add option="-g" />
				</Compiler>
			</Target>
			<Target title="Release">
				<Option output="bin/Release/Digital-Dragons" prefix_auto="1" extension_auto="1" />
				<Option object_output="obj/Release/" />
				<Option type="1" />
				<Option compiler="gcc" />
				<Compiler>
					<Add option="-O2" />
				</Compiler>
				<Linker>
					<Add option="-s" />
				</Linker>
			</Target>
		</Build>
		<Compiler>
			<Add option="-Wall" />
			<Add option="-DD_LIB" />
			<Add option="-DDLIB_NO_GUI_SUPPORT" />
			<Add option="-D_WIN32_WINNT=0x0501" />
			<Add option="-DENABLE_ASSERTS" />
			<Add directory="D:/Programming/boost_1_54_0" />
			<Add directory="D:/Programming/rapidxml-1.13" />
			<Add directory="D:/Programming/dlib-18.13" />
		</Compiler>
		<Linker>
			<Add library="C:\Program Files\CodeBlocks\MinGW\lib\libws2_32.a" />
			<Add library="C:\MinGW\lib\libgdi32.a" />
			<Add library="C:\MinGW\lib\libcomctl32.a" />
			<Add library="C:\MinGW\lib\libuser32.a" />
			<Add library="C:\MinGW\lib\libwinmm.a" />
			<Add library="C:\MinGW\lib\libpthread.a" />
			<Add library="D:\Programming\boost_1_54_0\bin.v2\libs\system\build\gcc-mingw-4.6.1\release\link-static\threading-multi\libboost_system-mgw46-mt-1_54.a" />
		</Linker>
		<Unit filename="CommSoft.cpp" />
		<Extensions>
			<code_completion />
			<envvars />
			<debugger />
			<lib_finder disable_auto="1" />
		</Extensions>
	</Project>
</CodeBlocks_project_file>
